lockfileVersion: '9.0'

settings:
  autoInstallPeers: false
  excludeLinksFromLockfile: false

catalogs:
  default:
    '@replit/vite-plugin-cartographer':
      specifier: ^0.5.1
      version: 0.5.1
    '@replit/vite-plugin-dev-banner':
      specifier: ^0.1.1
      version: 0.1.2
    '@replit/vite-plugin-runtime-error-modal':
      specifier: ^0.0.6
      version: 0.0.6
    '@tailwindcss/vite':
      specifier: ^4.1.14
      version: 4.2.1
    '@tanstack/react-query':
      specifier: ^5.90.21
      version: 5.90.21
    '@types/node':
      specifier: ^25.3.3
      version: 25.3.5
    '@types/react':
      specifier: ^19.2.0
      version: 19.2.14
    '@types/react-dom':
      specifier: ^19.2.0
      version: 19.2.3
    '@vitejs/plugin-react':
      specifier: ^5.0.4
      version: 5.1.4
    class-variance-authority:
      specifier: ^0.7.1
      version: 0.7.1
    clsx:
      specifier: ^2.1.1
      version: 2.1.1
    framer-motion:
      specifier: ^12.23.24
      version: 12.35.1
    lucide-react:
      specifier: ^0.545.0
      version: 0.545.0
    react:
      specifier: 19.1.0
      version: 19.1.0
    react-dom:
      specifier: 19.1.0
      version: 19.1.0
    tailwind-merge:
      specifier: ^3.3.1
      version: 3.5.0
    tailwindcss:
      specifier: ^4.1.14
      version: 4.2.1
    tsx:
      specifier: ^4.21.0
      version: 4.21.0
    vite:
      specifier: ^7.3.2
      version: 7.3.2
    zod:
      specifier: ^3.25.76
      version: 3.25.76

overrides:
  esbuild>@esbuild/darwin-arm64: '-'
  esbuild>@esbuild/darwin-x64: '-'
  esbuild>@esbuild/freebsd-arm64: '-'
  esbuild>@esbuild/freebsd-x64: '-'
  esbuild>@esbuild/linux-arm: '-'
  esbuild>@esbuild/linux-arm64: '-'
  esbuild>@esbuild/linux-ia32: '-'
  esbuild>@esbuild/linux-loong64: '-'
  esbuild>@esbuild/linux-mips64el: '-'
  esbuild>@esbuild/linux-ppc64: '-'
  esbuild>@esbuild/linux-riscv64: '-'
  esbuild>@esbuild/linux-s390x: '-'
  esbuild>@esbuild/netbsd-arm64: '-'
  esbuild>@esbuild/netbsd-x64: '-'
  esbuild>@esbuild/openbsd-arm64: '-'
  esbuild>@esbuild/openbsd-x64: '-'
  esbuild>@esbuild/sunos-x64: '-'
  esbuild>@esbuild/win32-arm64: '-'
  esbuild>@esbuild/win32-ia32: '-'
  esbuild>@esbuild/win32-x64: '-'
  esbuild>@esbuild/aix-ppc64: '-'
  esbuild>@esbuild/android-arm: '-'
  esbuild>@esbuild/android-arm64: '-'
  esbuild>@esbuild/android-x64: '-'
  esbuild>@esbuild/openharmony-arm64: '-'
  lightningcss>lightningcss-android-arm64: '-'
  lightningcss>lightningcss-darwin-arm64: '-'
  lightningcss>lightningcss-darwin-x64: '-'
  lightningcss>lightningcss-freebsd-x64: '-'
  lightningcss>lightningcss-linux-arm-gnueabihf: '-'
  lightningcss>lightningcss-linux-arm64-gnu: '-'
  lightningcss>lightningcss-linux-arm64-musl: '-'
  lightningcss>lightningcss-linux-x64-musl: '-'
  lightningcss>lightningcss-win32-arm64-msvc: '-'
  lightningcss>lightningcss-win32-x64-msvc: '-'
  '@tailwindcss/oxide>@tailwindcss/oxide-android-arm64': '-'
  '@tailwindcss/oxide>@tailwindcss/oxide-darwin-arm64': '-'
  '@tailwindcss/oxide>@tailwindcss/oxide-darwin-x64': '-'
  '@tailwindcss/oxide>@tailwindcss/oxide-freebsd-x64': '-'
  '@tailwindcss/oxide>@tailwindcss/oxide-linux-arm-gnueabihf': '-'
  '@tailwindcss/oxide>@tailwindcss/oxide-linux-arm64-gnu': '-'
  '@tailwindcss/oxide>@tailwindcss/oxide-linux-arm64-musl': '-'
  '@tailwindcss/oxide>@tailwindcss/oxide-win32-arm64-msvc': '-'
  '@tailwindcss/oxide>@tailwindcss/oxide-win32-x64-msvc': '-'
  '@tailwindcss/oxide>@tailwindcss/oxide-linux-x64-musl': '-'
  rollup>@rollup/rollup-android-arm-eabi: '-'
  rollup>@rollup/rollup-android-arm64: '-'
  rollup>@rollup/rollup-darwin-arm64: '-'
  rollup>@rollup/rollup-darwin-x64: '-'
  rollup>@rollup/rollup-freebsd-arm64: '-'
  rollup>@rollup/rollup-freebsd-x64: '-'
  rollup>@rollup/rollup-linux-arm-gnueabihf: '-'
  rollup>@rollup/rollup-linux-arm-musleabihf: '-'
  rollup>@rollup/rollup-linux-arm64-gnu: '-'
  rollup>@rollup/rollup-linux-arm64-musl: '-'
  rollup>@rollup/rollup-linux-loong64-gnu: '-'
  rollup>@rollup/rollup-linux-loong64-musl: '-'
  rollup>@rollup/rollup-linux-ppc64-gnu: '-'
  rollup>@rollup/rollup-linux-ppc64-musl: '-'
  rollup>@rollup/rollup-linux-riscv64-gnu: '-'
  rollup>@rollup/rollup-linux-riscv64-musl: '-'
  rollup>@rollup/rollup-linux-s390x-gnu: '-'
  rollup>@rollup/rollup-linux-x64-musl: '-'
  rollup>@rollup/rollup-openbsd-x64: '-'
  rollup>@rollup/rollup-openharmony-arm64: '-'
  rollup>@rollup/rollup-win32-arm64-msvc: '-'
  rollup>@rollup/rollup-win32-ia32-msvc: '-'
  rollup>@rollup/rollup-win32-x64-gnu: '-'
  rollup>@rollup/rollup-win32-x64-msvc: '-'
  '@expo/ngrok-bin>@expo/ngrok-bin-darwin-arm64': '-'
  '@expo/ngrok-bin>@expo/ngrok-bin-darwin-x64': '-'
  '@expo/ngrok-bin>@expo/ngrok-bin-freebsd-ia32': '-'
  '@expo/ngrok-bin>@expo/ngrok-bin-freebsd-x64': '-'
  '@expo/ngrok-bin>@expo/ngrok-bin-linux-arm64': '-'
  '@expo/ngrok-bin>@expo/ngrok-bin-linux-arm': '-'
  '@expo/ngrok-bin>@expo/ngrok-bin-linux-ia32': '-'
  '@expo/ngrok-bin>@expo/ngrok-bin-sunos-x64': '-'
  '@expo/ngrok-bin>@expo/ngrok-bin-win32-ia32': '-'
  '@expo/ngrok-bin>@expo/ngrok-bin-win32-x64': '-'
  '@esbuild-kit/esm-loader': npm:tsx@^4.21.0
  esbuild: 0.27.3

importers:

  .:
    devDependencies:
      prettier:
        specifier: ^3.8.1
        version: 3.8.1
      typescript:
        specifier: ~5.9.2
        version: 5.9.3

  artifacts/api-server:
    dependencies:
      '@types/pino-http':
        specifier: ^6.1.0
        version: 6.1.0
      cookie-parser:
        specifier: ^1.4.7
        version: 1.4.7
      cors:
        specifier: ^2
        version: 2.8.6
      express:
        specifier: ^5
        version: 5.2.1
      express-rate-limit:
        specifier: ^8.5.1
        version: 8.5.1(express@5.2.1)
      helmet:
        specifier: ^8.1.0
        version: 8.1.0
      openai:
        specifier: ^6.35.0
        version: 6.35.0(zod@3.25.76)
      pino:
        specifier: ^9
        version: 9.14.0
      pino-http:
        specifier: ^11.0.0
        version: 11.0.0
    devDependencies:
      '@types/cookie-parser':
        specifier: ^1.4.10
        version: 1.4.10(@types/express@5.0.6)
      '@types/cors':
        specifier: ^2.8.19
        version: 2.8.19
      '@types/express':
        specifier: ^5.0.6
        version: 5.0.6
      '@types/node':
        specifier: 'catalog:'
        version: 25.3.5
      esbuild:
        specifier: 0.27.3
        version: 0.27.3
      esbuild-plugin-pino:
        specifier: ^2.3.3
        version: 2.3.3(esbuild@0.27.3)(pino-pretty@13.1.3)(pino@9.14.0)(thread-stream@3.1.0)
      pino-pretty:
        specifier: ^13
        version: 13.1.3
      thread-stream:
        specifier: 3.1.0
        version: 3.1.0

  artifacts/mockup-sandbox:
    devDependencies:
      '@hookform/resolvers':
        specifier: ^3.10.0
        version: 3.10.0(react-hook-form@7.71.2(react@19.1.0))
      '@radix-ui/react-accordion':
        specifier: ^1.2.12
        version: 1.2.12(@types/react-dom@19.2.3(@types/react@19.2.14))(@types/react@19.2.14)(react-dom@19.1.0(react@19.1.0))(react@19.1.0)
      '@radix-ui/react-alert-dialog':
        specifier: ^1.1.15
        version: 1.1.15(@types/react-dom@19.2.3(@types/react@19.2.14))(@types/react@19.2.14)(react-dom@19.1.0(react@19.1.0))(react@19.1.0)
      '@radix-ui/react-aspect-ratio':
        specifier: ^1.1.8
        version: 1.1.8(@types/react-dom@19.2.3(@types/react@19.2.14))(@types/react@19.2.14)(react-dom@19.1.0(react@19.1.0))(react@19.1.0)
      '@radix-ui/react-avatar':
        specifier: ^1.1.11
        version: 1.1.11(@types/react-dom@19.2.3(@types/react@19.2.14))(@types/react@19.2.14)(react-dom@19.1.0(react@19.1.0))(react@19.1.0)
      '@radix-ui/react-checkbox':
        specifier: ^1.3.3
        version: 1.3.3(@types/react-dom@19.2.3(@types/react@19.2.14))(@types/react@19.2.14)(react-dom@19.1.0(react@19.1.0))(react@19.1.0)
      '@radix-ui/react-collapsible':
        specifier: ^1.1.12
        version: 1.1.12(@types/react-dom@19.2.3(@types/react@19.2.14))(@types/react@19.2.14)(react-dom@19.1.0(react@19.1.0))(react@19.1.0)
      '@radix-ui/react-context-menu':
        specifier: ^2.2.16
        version: 2.2.16(@types/react-dom@19.2.3(@types/react@19.2.14))(@types/react@19.2.14)(react-dom@19.1.0(react@19.1.0))(react@19.1.0)
      '@radix-ui/react-dialog':
        specifier: ^1.1.15
        version: 1.1.15(@types/react-dom@19.2.3(@types/react@19.2.14))(@types/react@19.2.14)(react-dom@19.1.0(react@19.1.0))(react@19.1.0)
      '@radix-ui/react-dropdown-menu':
        specifier: ^2.1.16
        version: 2.1.16(@types/react-dom@19.2.3(@types/react@19.2.14))(@types/react@19.2.14)(react-dom@19.1.0(react@19.1.0))(react@19.1.0)
      '@radix-ui/react-hover-card':
        specifier: ^1.1.15
        version: 1.1.15(@types/react-dom@19.2.3(@types/react@19.2.14))(@types/react@19.2.14)(react-dom@19.1.0(react@19.1.0))(react@19.1.0)
      '@radix-ui/react-label':
        specifier: ^2.1.8
        version: 2.1.8(@types/react-dom@19.2.3(@types/react@19.2.14))(@types/react@19.2.14)(react-dom@19.1.0(react@19.1.0))(react@19.1.0)
      '@radix-ui/react-menubar':
        specifier: ^1.1.16
        version: 1.1.16(@types/react-dom@19.2.3(@types/react@19.2.14))(@types/react@19.2.14)(react-dom@19.1.0(react@19.1.0))(react@19.1.0)
      '@radix-ui/react-navigation-menu':
        specifier: ^1.2.14
        version: 1.2.14(@types/react-dom@19.2.3(@types/react@19.2.14))(@types/react@19.2.14)(react-dom@19.1.0(react@19.1.0))(react@19.1.0)
      '@radix-ui/react-popover':
        specifier: ^1.1.15
        version: 1.1.15(@types/react-dom@19.2.3(@types/react@19.2.14))(@types/react@19.2.14)(react-dom@19.1.0(react@19.1.0))(react@19.1.0)
      '@radix-ui/react-progress':
        specifier: ^1.1.8
        version: 1.1.8(@types/react-dom@19.2.3(@types/react@19.2.14))(@types/react@19.2.14)(react-dom@19.1.0(react@19.1.0))(react@19.1.0)
      '@radix-ui/react-radio-group':
        specifier: ^1.3.8
        version: 1.3.8(@types/react-dom@19.2.3(@types/react@19.2.14))(@types/react@19.2.14)(react-dom@19.1.0(react@19.1.0))(react@19.1.0)
      '@radix-ui/react-scroll-area':
        specifier: ^1.2.10
        version: 1.2.10(@types/react-dom@19.2.3(@types/react@19.2.14))(@types/react@19.2.14)(react-dom@19.1.0(react@19.1.0))(react@19.1.0)
      '@radix-ui/react-select':
        specifier: ^2.2.6
        version: 2.2.6(@types/react-dom@19.2.3(@types/react@19.2.14))(@types/react@19.2.14)(react-dom@19.1.0(react@19.1.0))(react@19.1.0)
      '@radix-ui/react-separator':
        specifier: ^1.1.8
        version: 1.1.8(@types/react-dom@19.2.3(@types/react@19.2.14))(@types/react@19.2.14)(react-dom@19.1.0(react@19.1.0))(react@19.1.0)
      '@radix-ui/react-slider':
        specifier: ^1.3.6
        version: 1.3.6(@types/react-dom@19.2.3(@types/react@19.2.14))(@types/react@19.2.14)(react-dom@19.1.0(react@19.1.0))(react@19.1.0)
      '@radix-ui/react-slot':
        specifier: ^1.2.4
        version: 1.2.4(@types/react@19.2.14)(react@19.1.0)
      '@radix-ui/react-switch':
        specifier: ^1.2.6
        version: 1.2.6(@types/react-dom@19.2.3(@types/react@19.2.14))(@types/react@19.2.14)(react-dom@19.1.0(react@19.1.0))(react@19.1.0)
      '@radix-ui/react-tabs':
        specifier: ^1.1.13
        version: 1.1.13(@types/react-dom@19.2.3(@types/react@19.2.14))(@types/react@19.2.14)(react-dom@19.1.0(react@19.1.0))(react@19.1.0)
      '@radix-ui/react-toast':
        specifier: ^1.2.7
        version: 1.2.15(@types/react-dom@19.2.3(@types/react@19.2.14))(@types/react@19.2.14)(react-dom@19.1.0(react@19.1.0))(react@19.1.0)
      '@radix-ui/react-toggle':
        specifier: ^1.1.10
        version: 1.1.10(@types/react-dom@19.2.3(@types/react@19.2.14))(@types/react@19.2.14)(react-dom@19.1.0(react@19.1.0))(react@19.1.0)
      '@radix-ui/react-toggle-group':
        specifier: ^1.1.11
        version: 1.1.11(@types/react-dom@19.2.3(@types/react@19.2.14))(@types/react@19.2.14)(react-dom@19.1.0(react@19.1.0))(react@19.1.0)
      '@radix-ui/react-tooltip':
        specifier: ^1.2.8
        version: 1.2.8(@types/react-dom@19.2.3(@types/react@19.2.14))(@types/react@19.2.14)(react-dom@19.1.0(react@19.1.0))(react@19.1.0)
      '@replit/vite-plugin-cartographer':
        specifier: 'catalog:'
        version: 0.5.1
      '@replit/vite-plugin-runtime-error-modal':
        specifier: 'catalog:'
        version: 0.0.6
      '@tailwindcss/vite':
        specifier: 'catalog:'
        version: 4.2.1(vite@7.3.2(@types/node@25.3.5)(jiti@2.6.1)(lightningcss@1.31.1)(tsx@4.21.0)(yaml@2.8.2))
      '@types/node':
        specifier: 'catalog:'
        version: 25.3.5
      '@types/react':
        specifier: 'catalog:'
        version: 19.2.14
      '@types/react-dom':
        specifier: 'catalog:'
        version: 19.2.3(@types/react@19.2.14)
      '@vitejs/plugin-react':
        specifier: 'catalog:'
        version: 5.1.4(vite@7.3.2(@types/node@25.3.5)(jiti@2.6.1)(lightningcss@1.31.1)(tsx@4.21.0)(yaml@2.8.2))
      chokidar:
        specifier: ^4.0.3
        version: 4.0.3
      class-variance-authority:
        specifier: 'catalog:'
        version: 0.7.1
      clsx:
        specifier: 'catalog:'
        version: 2.1.1
      cmdk:
        specifier: ^1.1.1
        version: 1.1.1(@types/react-dom@19.2.3(@types/react@19.2.14))(@types/react@19.2.14)(react-dom@19.1.0(react@19.1.0))(react@19.1.0)
      date-fns:
        specifier: ^3.6.0
        version: 3.6.0
      embla-carousel-react:
        specifier: ^8.6.0
        version: 8.6.0(react@19.1.0)
      fast-glob:
        specifier: ^3.3.3
        version: 3.3.3
      framer-motion:
        specifier: 'catalog:'
        version: 12.35.1(react-dom@19.1.0(react@19.1.0))(react@19.1.0)
      input-otp:
        specifier: ^1.4.2
        version: 1.4.2(react-dom@19.1.0(react@19.1.0))(react@19.1.0)
      lucide-react:
        specifier: 'catalog:'
        version: 0.545.0(react@19.1.0)
      next-themes:
        specifier: ^0.4.6
        version: 0.4.6(react-dom@19.1.0(react@19.1.0))(react@19.1.0)
      react:
        specifier: 'catalog:'
        version: 19.1.0
      react-day-picker:
        specifier: ^9.11.1
        version: 9.14.0(react@19.1.0)
      react-dom:
        specifier: 'catalog:'
        version: 19.1.0(react@19.1.0)
      react-hook-form:
        specifier: ^7.66.0
        version: 7.71.2(react@19.1.0)
      react-resizable-panels:
        specifier: ^2.1.9
        version: 2.1.9(react-dom@19.1.0(react@19.1.0))(react@19.1.0)
      recharts:
        specifier: ^2.15.4
        version: 2.15.4(react-dom@19.1.0(react@19.1.0))(react@19.1.0)
      sonner:
        specifier: ^2.0.7
        version: 2.0.7(react-dom@19.1.0(react@19.1.0))(react@19.1.0)
      tailwind-merge:
        specifier: 'catalog:'
        version: 3.5.0
      tailwindcss:
        specifier: 'catalog:'
        version: 4.2.1
      tailwindcss-animate:
        specifier: ^1.0.7
        version: 1.0.7(tailwindcss@4.2.1)
      tw-animate-css:
        specifier: ^1.4.0
        version: 1.4.0
      vaul:
        specifier: ^1.1.2
        version: 1.1.2(@types/react-dom@19.2.3(@types/react@19.2.14))(@types/react@19.2.14)(react-dom@19.1.0(react@19.1.0))(react@19.1.0)
      vite:
        specifier: 'catalog:'
        version: 7.3.2(@types/node@25.3.5)(jiti@2.6.1)(lightningcss@1.31.1)(tsx@4.21.0)(yaml@2.8.2)
      zod:
        specifier: 'catalog:'
        version: 3.25.76

  artifacts/student-hub:
    dependencies:
      firebase:
        specifier: ^12.12.1
        version: 12.12.1
      react-helmet-async:
        specifier: ^3.0.0
        version: 3.0.0(react@19.1.0)
    devDependencies:
      '@hookform/resolvers':
        specifier: ^3.10.0
        version: 3.10.0(react-hook-form@7.71.2(react@19.1.0))
      '@radix-ui/react-accordion':
        specifier: ^1.2.4
        version: 1.2.12(@types/react-dom@19.2.3(@types/react@19.2.14))(@types/react@19.2.14)(react-dom@19.1.0(react@19.1.0))(react@19.1.0)
      '@radix-ui/react-alert-dialog':
        specifier: ^1.1.7
        version: 1.1.15(@types/react-dom@19.2.3(@types/react@19.2.14))(@types/react@19.2.14)(react-dom@19.1.0(react@19.1.0))(react@19.1.0)
      '@radix-ui/react-aspect-ratio':
        specifier: ^1.1.3
        version: 1.1.8(@types/react-dom@19.2.3(@types/react@19.2.14))(@types/react@19.2.14)(react-dom@19.1.0(react@19.1.0))(react@19.1.0)
      '@radix-ui/react-avatar':
        specifier: ^1.1.4
        version: 1.1.11(@types/react-dom@19.2.3(@types/react@19.2.14))(@types/react@19.2.14)(react-dom@19.1.0(react@19.1.0))(react@19.1.0)
      '@radix-ui/react-checkbox':
        specifier: ^1.1.5
        version: 1.3.3(@types/react-dom@19.2.3(@types/react@19.2.14))(@types/react@19.2.14)(react-dom@19.1.0(react@19.1.0))(react@19.1.0)
      '@radix-ui/react-collapsible':
        specifier: ^1.1.4
        version: 1.1.12(@types/react-dom@19.2.3(@types/react@19.2.14))(@types/react@19.2.14)(react-dom@19.1.0(react@19.1.0))(react@19.1.0)
      '@radix-ui/react-context-menu':
        specifier: ^2.2.7
        version: 2.2.16(@types/react-dom@19.2.3(@types/react@19.2.14))(@types/react@19.2.14)(react-dom@19.1.0(react@19.1.0))(react@19.1.0)
      '@radix-ui/react-dialog':
        specifier: ^1.1.7
        version: 1.1.15(@types/react-dom@19.2.3(@types/react@19.2.14))(@types/react@19.2.14)(react-dom@19.1.0(react@19.1.0))(react@19.1.0)
      '@radix-ui/react-dropdown-menu':
        specifier: ^2.1.7
        version: 2.1.16(@types/react-dom@19.2.3(@types/react@19.2.14))(@types/react@19.2.14)(react-dom@19.1.0(react@19.1.0))(react@19.1.0)
      '@radix-ui/react-hover-card':
        specifier: ^1.1.7
        version: 1.1.15(@types/react-dom@19.2.3(@types/react@19.2.14))(@types/react@19.2.14)(react-dom@19.1.0(react@19.1.0))(react@19.1.0)
      '@radix-ui/react-label':
        specifier: ^2.1.3
        version: 2.1.8(@types/react-dom@19.2.3(@types/react@19.2.14))(@types/react@19.2.14)(react-dom@19.1.0(react@19.1.0))(react@19.1.0)
      '@radix-ui/react-menubar':
        specifier: ^1.1.7
        version: 1.1.16(@types/react-dom@19.2.3(@types/react@19.2.14))(@types/react@19.2.14)(react-dom@19.1.0(react@19.1.0))(react@19.1.0)
      '@radix-ui/react-navigation-menu':
        specifier: ^1.2.6
        version: 1.2.14(@types/react-dom@19.2.3(@types/react@19.2.14))(@types/react@19.2.14)(react-dom@19.1.0(react@19.1.0))(react@19.1.0)
      '@radix-ui/react-popover':
        specifier: ^1.1.7
        version: 1.1.15(@types/react-dom@19.2.3(@types/react@19.2.14))(@types/react@19.2.14)(react-dom@19.1.0(react@19.1.0))(react@19.1.0)
      '@radix-ui/react-progress':
        specifier: ^1.1.3
        version: 1.1.8(@types/react-dom@19.2.3(@types/react@19.2.14))(@types/react@19.2.14)(react-dom@19.1.0(react@19.1.0))(react@19.1.0)
      '@radix-ui/react-radio-group':
        specifier: ^1.2.4
        version: 1.3.8(@types/react-dom@19.2.3(@types/react@19.2.14))(@types/react@19.2.14)(react-dom@19.1.0(react@19.1.0))(react@19.1.0)
      '@radix-ui/react-scroll-area':
        specifier: ^1.2.4
        version: 1.2.10(@types/react-dom@19.2.3(@types/react@19.2.14))(@types/react@19.2.14)(react-dom@19.1.0(react@19.1.0))(react@19.1.0)
      '@radix-ui/react-select':
        specifier: ^2.1.7
        version: 2.2.6(@types/react-dom@19.2.3(@types/react@19.2.14))(@types/react@19.2.14)(react-dom@19.1.0(react@19.1.0))(react@19.1.0)
      '@radix-ui/react-separator':
        specifier: ^1.1.3
        version: 1.1.8(@types/react-dom@19.2.3(@types/react@19.2.14))(@types/react@19.2.14)(react-dom@19.1.0(react@19.1.0))(react@19.1.0)
      '@radix-ui/react-slider':
        specifier: ^1.2.4
        version: 1.3.6(@types/react-dom@19.2.3(@types/react@19.2.14))(@types/react@19.2.14)(react-dom@19.1.0(react@19.1.0))(react@19.1.0)
      '@radix-ui/react-slot':
        specifier: ^1.2.0
        version: 1.2.4(@types/react@19.2.14)(react@19.1.0)
      '@radix-ui/react-switch':
        specifier: ^1.1.4
        version: 1.2.6(@types/react-dom@19.2.3(@types/react@19.2.14))(@types/react@19.2.14)(react-dom@19.1.0(react@19.1.0))(react@19.1.0)
      '@radix-ui/react-tabs':
        specifier: ^1.1.4
        version: 1.1.13(@types/react-dom@19.2.3(@types/react@19.2.14))(@types/react@19.2.14)(react-dom@19.1.0(react@19.1.0))(react@19.1.0)
      '@radix-ui/react-toast':
        specifier: ^1.2.7
        version: 1.2.15(@types/react-dom@19.2.3(@types/react@19.2.14))(@types/react@19.2.14)(react-dom@19.1.0(react@19.1.0))(react@19.1.0)
      '@radix-ui/react-toggle':
        specifier: ^1.1.3
        version: 1.1.10(@types/react-dom@19.2.3(@types/react@19.2.14))(@types/react@19.2.14)(react-dom@19.1.0(react@19.1.0))(react@19.1.0)
      '@radix-ui/react-toggle-group':
        specifier: ^1.1.3
        version: 1.1.11(@types/react-dom@19.2.3(@types/react@19.2.14))(@types/react@19.2.14)(react-dom@19.1.0(react@19.1.0))(react@19.1.0)
      '@radix-ui/react-tooltip':
        specifier: ^1.2.0
        version: 1.2.8(@types/react-dom@19.2.3(@types/react@19.2.14))(@types/react@19.2.14)(react-dom@19.1.0(react@19.1.0))(react@19.1.0)
      '@replit/vite-plugin-cartographer':
        specifier: 'catalog:'
        version: 0.5.1
      '@replit/vite-plugin-dev-banner':
        specifier: 'catalog:'
        version: 0.1.2
      '@replit/vite-plugin-runtime-error-modal':
        specifier: 'catalog:'
        version: 0.0.6
      '@tailwindcss/typography':
        specifier: ^0.5.15
        version: 0.5.19(tailwindcss@4.2.1)
      '@tailwindcss/vite':
        specifier: 'catalog:'
        version: 4.2.1(vite@7.3.2(@types/node@25.3.5)(jiti@2.6.1)(lightningcss@1.31.1)(tsx@4.21.0)(yaml@2.8.2))
      '@tanstack/react-query':
        specifier: 'catalog:'
        version: 5.90.21(react@19.1.0)
      '@types/node':
        specifier: 'catalog:'
        version: 25.3.5
      '@types/react':
        specifier: 'catalog:'
        version: 19.2.14
      '@types/react-dom':
        specifier: 'catalog:'
        version: 19.2.3(@types/react@19.2.14)
      '@vitejs/plugin-react':
        specifier: 'catalog:'
        version: 5.1.4(vite@7.3.2(@types/node@25.3.5)(jiti@2.6.1)(lightningcss@1.31.1)(tsx@4.21.0)(yaml@2.8.2))
      class-variance-authority:
        specifier: 'catalog:'
        version: 0.7.1
      clsx:
        specifier: 'catalog:'
        version: 2.1.1
      cmdk:
        specifier: ^1.1.1
        version: 1.1.1(@types/react-dom@19.2.3(@types/react@19.2.14))(@types/react@19.2.14)(react-dom@19.1.0(react@19.1.0))(react@19.1.0)
      date-fns:
        specifier: ^3.6.0
        version: 3.6.0
      embla-carousel-react:
        specifier: ^8.6.0
        version: 8.6.0(react@19.1.0)
      fast-glob:
        specifier: ^3.3.3
        version: 3.3.3
      framer-motion:
        specifier: 'catalog:'
        version: 12.35.1(react-dom@19.1.0(react@19.1.0))(react@19.1.0)
      input-otp:
        specifier: ^1.4.2
        version: 1.4.2(react-dom@19.1.0(react@19.1.0))(react@19.1.0)
      lucide-react:
        specifier: 'catalog:'
        version: 0.545.0(react@19.1.0)
      next-themes:
        specifier: ^0.4.6
        version: 0.4.6(react-dom@19.1.0(react@19.1.0))(react@19.1.0)
      react:
        specifier: 'catalog:'
        version: 19.1.0
      react-day-picker:
        specifier: ^9.11.1
        version: 9.14.0(react@19.1.0)
      react-dom:
        specifier: 'catalog:'
        version: 19.1.0(react@19.1.0)
      react-hook-form:
        specifier: ^7.55.0
        version: 7.71.2(react@19.1.0)
      react-icons:
        specifier: ^5.4.0
        version: 5.6.0(react@19.1.0)
      react-resizable-panels:
        specifier: ^2.1.7
        version: 2.1.9(react-dom@19.1.0(react@19.1.0))(react@19.1.0)
      recharts:
        specifier: ^2.15.2
        version: 2.15.4(react-dom@19.1.0(react@19.1.0))(react@19.1.0)
      sonner:
        specifier: ^2.0.7
        version: 2.0.7(react-dom@19.1.0(react@19.1.0))(react@19.1.0)
      tailwind-merge:
        specifier: 'catalog:'
        version: 3.5.0
      tailwindcss:
        specifier: 'catalog:'
        version: 4.2.1
      tw-animate-css:
        specifier: ^1.4.0
        version: 1.4.0
      vaul:
        specifier: ^1.1.2
        version: 1.1.2(@types/react-dom@19.2.3(@types/react@19.2.14))(@types/react@19.2.14)(react-dom@19.1.0(react@19.1.0))(react@19.1.0)
      vite:
        specifier: 'catalog:'
        version: 7.3.2(@types/node@25.3.5)(jiti@2.6.1)(lightningcss@1.31.1)(tsx@4.21.0)(yaml@2.8.2)
      wouter:
        specifier: ^3.3.5
        version: 3.9.0(react@19.1.0)
      zod:
        specifier: 'catalog:'
        version: 3.25.76

  lib/api-client-react:
    dependencies:
      '@tanstack/react-query':
        specifier: 'catalog:'
        version: 5.90.21(react@19.1.0)

  lib/api-spec:
    devDependencies:
      orval:
        specifier: ^8.5.2
        version: 8.5.3(prettier@3.8.1)(typescript@5.9.3)

  lib/api-zod:
    dependencies:
      zod:
        specifier: 'catalog:'
        version: 3.25.76

  scripts:
    devDependencies:
      '@types/node':
        specifier: 'catalog:'
        version: 25.3.5
      tsx:
        specifier: 'catalog:'
        version: 4.21.0
